// !$*UTF8*$!
{
	archiveVersion = 1;
	classes = {
	};
	objectVersion = 46;
	objects = {

/* Begin PBXBuildFile section */
		4000695819DF5B010011754D /* DetailViewController.swift in Sources */ = {isa = PBXBuildFile; fileRef = 4000695719DF5B010011754D /* DetailViewController.swift */; };
		40326EFB19DF2ACE002B83BF /* AppDelegate.swift in Sources */ = {isa = PBXBuildFile; fileRef = 40326EFA19DF2ACE002B83BF /* AppDelegate.swift */; };
		40326EFD19DF2ACE002B83BF /* ViewController.swift in Sources */ = {isa = PBXBuildFile; fileRef = 40326EFC19DF2ACE002B83BF /* ViewController.swift */; };
		40326F0019DF2ACE002B83BF /* Main.storyboard in Resources */ = {isa = PBXBuildFile; fileRef = 40326EFE19DF2ACE002B83BF /* Main.storyboard */; };
		40326F0219DF2ACE002B83BF /* Images.xcassets in Resources */ = {isa = PBXBuildFile; fileRef = 40326F0119DF2ACE002B83BF /* Images.xcassets */; };
		40326F0519DF2ACE002B83BF /* LaunchScreen.xib in Resources */ = {isa = PBXBuildFile; fileRef = 40326F0319DF2ACE002B83BF /* LaunchScreen.xib */; };
		40326F1119DF2ACE002B83BF /* SectionTableTests.swift in Sources */ = {isa = PBXBuildFile; fileRef = 40326F1019DF2ACE002B83BF /* SectionTableTests.swift */; };
/* End PBXBuildFile section */

/* Begin PBXContainerItemProxy section */
		40326F0B19DF2ACE002B83BF /* PBXContainerItemProxy */ = {
			isa = PBXContainerItemProxy;
			containerPortal = 40326EED19DF2ACE002B83BF /* Project object */;
			proxyType = 1;
			remoteGlobalIDString = 40326EF419DF2ACE002B83BF;
			remoteInfo = SectionTable;
		};
/* End PBXContainerItemProxy section */

/* Begin PBXFileReference section */
		4000695719DF5B010011754D /* DetailViewController.swift */ = {isa = PBXFileReference; fileEncoding = 4; lastKnownFileType = sourcecode.swift; path = DetailViewController.swift; sourceTree = "<group>"; };
		40326EF519DF2ACE002B83BF /* SectionTable.app */ = {isa = PBXFileReference; explicitFileType = wrapper.application; includeInIndex = 0; path = SectionTable.app; sourceTree = BUILT_PRODUCTS_DIR; };
		40326EF919DF2ACE002B83BF /* Info.plist */ = {isa = PBXFileReference; lastKnownFileType = text.plist.xml; path = Info.plist; sourceTree = "<group>"; };
		40326EFA19DF2ACE002B83BF /* AppDelegate.swift */ = {isa = PBXFileReference; lastKnownFileType = sourcecode.swift; path = AppDelegate.swift; sourceTree = "<group>"; };
		40326EFC19DF2ACE002B83BF /* ViewController.swift */ = {isa = PBXFileReference; lastKnownFileType = sourcecode.swift; path = ViewController.swift; sourceTree = "<group>"; };
		40326EFF19DF2ACE002B83BF /* Base */ = {isa = PBXFileReference; lastKnownFileType = file.storyboard; name = Base; path = Base.lproj/Main.storyboard; sourceTree = "<group>"; };
		40326F0119DF2ACE002B83BF /* Images.xcassets */ = {isa = PBXFileReference; lastKnownFileType = folder.assetcatalog; path = Images.xcassets; sourceTree = "<group>"; };
		40326F0419DF2ACE002B83BF /* Base */ = {isa = PBXFileReference; lastKnownFileType = file.xib; name = Base; path = Base.lproj/LaunchScreen.xib; sourceTree = "<group>"; };
		40326F0A19DF2ACE002B83BF /* SectionTableTests.xctest */ = {isa = PBXFileReference; explicitFileType = wrapper.cfbundle; includeInIndex = 0; path = SectionTableTests.xctest; sourceTree = BUILT_PRODUCTS_DIR; };
		40326F0F19DF2ACE002B83BF /* Info.plist */ = {isa = PBXFileReference; lastKnownFileType = text.plist.xml; path = Info.plist; sourceTree = "<group>"; };
		40326F1019DF2ACE002B83BF /* SectionTableTests.swift */ = {isa = PBXFileReference; lastKnownFileType = sourcecode.swift; path = SectionTableTests.swift; sourceTree = "<group>"; };
/* End PBXFileReference section */

/* Begin PBXFrameworksBuildPhase section */
		40326EF219DF2ACE002B83BF /* Frameworks */ = {
			isa = PBXFrameworksBuildPhase;
			buildActionMask = 2147483647;
			files = (
			);
			runOnlyForDeploymentPostprocessing = 0;
		};
		40326F0719DF2ACE002B83BF /* Frameworks */ = {
			isa = PBXFrameworksBuildPhase;
			buildActionMask = 2147483647;
			files = (
			);
			runOnlyForDeploymentPostprocessing = 0;
		};
/* End PBXFrameworksBuildPhase section */

/* Begin PBXGroup section */
		40326EEC19DF2ACE002B83BF = {
			isa = PBXGroup;
			children = (
				40326EF719DF2ACE002B83BF /* SectionTable */,
				40326F0D19DF2ACE002B83BF /* SectionTableTests */,
				40326EF619DF2ACE002B83BF /* Products */,
			);
			sourceTree = "<group>";
		};
		40326EF619DF2ACE002B83BF /* Products */ = {
			isa = PBXGroup;
			children = (
				40326EF519DF2ACE002B83BF /* SectionTable.app */,
				40326F0A19DF2ACE002B83BF /* SectionTableTests.xctest */,
			);
			name = Products;
			sourceTree = "<group>";
		};
		40326EF719DF2ACE002B83BF /* SectionTable */ = {
			isa = PBXGroup;
			children = (
				40326EFA19DF2ACE002B83BF /* AppDelegate.swift */,
				40326EFC19DF2ACE002B83BF /* ViewController.swift */,
				4000695719DF5B010011754D /* DetailViewController.swift */,
				40326EFE19DF2ACE002B83BF /* Main.storyboard */,
				40326F0119DF2ACE002B83BF /* Images.xcassets */,
				40326F0319DF2ACE002B83BF /* LaunchScreen.xib */,
				40326EF819DF2ACE002B83BF /* Supporting Files */,
			);
			path = SectionTable;
			sourceTree = "<group>";
		};
		40326EF819DF2ACE002B83BF /* Supporting Files */ = {
			isa = PBXGroup;
			children = (
				40326EF919DF2ACE002B83BF /* Info.plist */,
			);
			name = "Supporting Files";
			sourceTree = "<group>";
		};
		40326F0D19DF2ACE002B83BF /* SectionTableTests */ = {
			isa = PBXGroup;
			children = (
				40326F1019DF2ACE002B83BF /* SectionTableTests.swift */,
				40326F0E19DF2ACE002B83BF /* Supporting Files */,
			);
			path = SectionTableTests;
			sourceTree = "<group>";
		};
		40326F0E19DF2ACE002B83BF /* Supporting Files */ = {
			isa = PBXGroup;
			children = (
				40326F0F19DF2ACE002B83BF /* Info.plist */,
			);
			name = "Supporting Files";
			sourceTree = "<group>";
		};
/* End PBXGroup section */

/* Begin PBXNativeTarget section */
		40326EF419DF2ACE002B83BF /* SectionTable */ = {
			isa = PBXNativeTarget;
			buildConfigurationList = 40326F1419DF2ACE002B83BF /* Build configuration list for PBXNativeTarget "SectionTable" */;
			buildPhases = (
				40326EF119DF2ACE002B83BF /* Sources */,
				40326EF219DF2ACE002B83BF /* Frameworks */,
				40326EF319DF2ACE002B83BF /* Resources */,
			);
			buildRules = (
			);
			dependencies = (
			);
			name = SectionTable;
			productName = SectionTable;
			productReference = 40326EF519DF2ACE002B83BF /* SectionTable.app */;
			productType = "com.apple.product-type.application";
		};
		40326F0919DF2ACE002B83BF /* SectionTableTests */ = {
			isa = PBXNativeTarget;
			buildConfigurationList = 40326F1719DF2ACE002B83BF /* Build configuration list for PBXNativeTarget "SectionTableTests" */;
			buildPhases = (
				40326F0619DF2ACE002B83BF /* Sources */,
				40326F0719DF2ACE002B83BF /* Frameworks */,
				40326F0819DF2ACE002B83BF /* Resources */,
			);
			buildRules = (
			);
			dependencies = (
				40326F0C19DF2ACE002B83BF /* PBXTargetDependency */,
			);
			name = SectionTableTests;
			productName = SectionTableTests;
			productReference = 40326F0A19DF2ACE002B83BF /* SectionTableTests.xctest */;
			productType = "com.apple.product-type.bundle.unit-test";
		};
/* End PBXNativeTarget section */

/* Begin PBXProject section */
		40326EED19DF2ACE002B83BF /* Project object */ = {
			isa = PBXProject;
			attributes = {
				LastUpgradeCheck = 0600;
				ORGANIZATIONNAME = "Vijeth Pai";
				TargetAttributes = {
					40326EF419DF2ACE002B83BF = {
						CreatedOnToolsVersion = 6.0.1;
					};
					40326F0919DF2ACE002B83BF = {
						CreatedOnToolsVersion = 6.0.1;
						TestTargetID = 40326EF419DF2ACE002B83BF;
					};
				};
			};
			buildConfigurationList = 40326EF019DF2ACE002B83BF /* Build configuration list for PBXProject "SectionTable" */;
			compatibilityVersion = "Xcode 3.2";
			developmentRegion = English;
			hasScannedForEncodings = 0;
			knownRegions = (
				en,
				Base,
			);
			mainGroup = 40326EEC19DF2ACE002B83BF;
			productRefGroup = 40326EF619DF2ACE002B83BF /* Products */;
			projectDirPath = "";
			projectRoot = "";
			targets = (
				40326EF419DF2ACE002B83BF /* SectionTable */,
				40326F0919DF2ACE002B83BF /* SectionTableTests */,
			);
		};
/* End PBXProject section */

/* Begin PBXResourcesBuildPhase section */
		40326EF319DF2ACE002B83BF /* Resources */ = {
			isa = PBXResourcesBuildPhase;
			buildActionMask = 2147483647;
			files = (
				40326F0019DF2ACE002B83BF /* Main.storyboard in Resources */,
				40326F0519DF2ACE002B83BF /* LaunchScreen.xib in Resources */,
				40326F0219DF2ACE002B83BF /* Images.xcassets in Resources */,
			);
			runOnlyForDeploymentPostprocessing = 0;
		};
		40326F0819DF2ACE002B83BF /* Resources */ = {
			isa = PBXResourcesBuildPhase;
			buildActionMask = 2147483647;
			files = (
			);
			runOnlyForDeploymentPostprocessing = 0;
		};
/* End PBXResourcesBuildPhase section */

/* Begin PBXSourcesBuildPhase section */
		40326EF119DF2ACE002B83BF /* Sources */ = {
			isa = PBXSourcesBuildPhase;
			buildActionMask = 2147483647;
			files = (
				4000695819DF5B010011754D /* DetailViewController.swift in Sources */,
				40326EFD19DF2ACE002B83BF /* ViewController.swift in Sources */,
				40326EFB19DF2ACE002B83BF /* AppDelegate.swift in Sources */,
			);
			runOnlyForDeploymentPostprocessing = 0;
		};
		40326F0619DF2ACE002B83BF /* Sources */ = {
			isa = PBXSourcesBuildPhase;
			buildActionMask = 2147483647;
			files = (
				40326F1119DF2ACE002B83BF /* SectionTableTests.swift in Sources */,
			);
			runOnlyForDeploymentPostprocessing = 0;
		};
/* End PBXSourcesBuildPhase section */

/* Begin PBXTargetDependency section */
		40326F0C19DF2ACE002B83BF /* PBXTargetDependency */ = {
			isa = PBXTargetDependency;
			target = 40326EF419DF2ACE002B83BF /* SectionTable */;
			targetProxy = 40326F0B19DF2ACE002B83BF /* PBXContainerItemProxy */;
		};
/* End PBXTargetDependency section */

/* Begin PBXVariantGroup section */
		40326EFE19DF2ACE002B83BF /* Main.storyboard */ = {
			isa = PBXVariantGroup;
			children = (
				40326EFF19DF2ACE002B83BF /* Base */,
			);
			name = Main.storyboard;
			sourceTree = "<group>";
		};
		40326F0319DF2ACE002B83BF /* LaunchScreen.xib */ = {
			isa = PBXVariantGroup;
			children = (
				40326F0419DF2ACE002B83BF /* Base */,
			);
			name = LaunchScreen.xib;
			sourceTree = "<group>";
		};
/* End PBXVariantGroup section */

/* Begin XCBuildConfiguration section */
		40326F1219DF2ACE002B83BF /* Debug */ = {
			isa = XCBuildConfiguration;
			buildSettings = {
				ALWAYS_SEARCH_USER_PATHS = NO;
				CLANG_CXX_LANGUAGE_STANDARD = "gnu++0x";
				CLANG_CXX_LIBRARY = "libc++";
				CLANG_ENABLE_MODULES = YES;
				CLANG_ENABLE_OBJC_ARC = YES;
				CLANG_WARN_BOOL_CONVERSION = YES;
				CLANG_WARN_CONSTANT_CONVERSION = YES;
				CLANG_WARN_DIRECT_OBJC_ISA_USAGE = YES_ERROR;
				CLANG_WARN_EMPTY_BODY = YES;
				CLANG_WARN_ENUM_CONVERSION = YES;
				CLANG_WARN_INT_CONVERSION = YES;
				CLANG_WARN_OBJC_ROOT_CLASS = YES_ERROR;
				CLANG_WARN_UNREACHABLE_CODE = YES;
				CLANG_WARN__DUPLICATE_METHOD_MATCH = YES;
				"CODE_SIGN_IDENTITY[sdk=iphoneos*]" = "iPhone Developer";
				COPY_PHASE_STRIP = NO;
				ENABLE_STRICT_OBJC_MSGSEND = YES;
				GCC_C_LANGUAGE_STANDARD = gnu99;
				GCC_DYNAMIC_NO_PIC = NO;
				GCC_OPTIMIZATION_LEVEL = 0;
				GCC_PREPROCESSOR_DEFINITIONS = (
					"DEBUG=1",
					"$(inherited)",
				);
				GCC_SYMBOLS_PRIVATE_EXTERN = NO;
				GCC_WARN_64_TO_32_BIT_CONVERSION = YES;
				GCC_WARN_ABOUT_RETURN_TYPE = YES_ERROR;
				GCC_WARN_UNDECLARED_SELECTOR = YES;
				GCC_WARN_UNINITIALIZED_AUTOS = YES_AGGRESSIVE;
				GCC_WARN_UNUSED_FUNCTION = YES;
				GCC_WARN_UNUSED_VARIABLE = YES;
				IPHONEOS_DEPLOYMENT_TARGET = 8.0;
				MTL_ENABLE_DEBUG_INFO = YES;
				ONLY_ACTIVE_ARCH = YES;
				SDKROOT = iphoneos;
				SWIFT_OPTIMIZATION_LEVEL = "-Onone";
			};
			name = Debug;
		};
		40326F1319DF2ACE002B83BF /* Release */ = {
			isa = XCBuildConfiguration;
			buildSettings = {
				ALWAYS_SEARCH_USER_PATHS = NO;
				CLANG_CXX_LANGUAGE_STANDARD = "gnu++0x";
				CLANG_CXX_LIBRARY = "libc++";
				CLANG_ENABLE_MODULES = YES;
				CLANG_ENABLE_OBJC_ARC = YES;
				CLANG_WARN_BOOL_CONVERSION = YES;
				CLANG_WARN_CONSTANT_CONVERSION = YES;
				CLANG_WARN_DIRECT_OBJC_ISA_USAGE = YES_ERROR;
				CLANG_WARN_EMPTY_BODY = YES;
				CLANG_WARN_ENUM_CONVERSION = YES;
				CLANG_WARN_INT_CONVERSION = YES;
				CLANG_WARN_OBJC_ROOT_CLASS = YES_ERROR;
				CLANG_WARN_UNREACHABLE_CODE = YES;
				CLANG_WARN__DUPLICATE_METHOD_MATCH = YES;
				"CODE_SIGN_IDENTITY[sdk=iphoneos*]" = "iPhone Developer";
				COPY_PHASE_STRIP = YES;
				ENABLE_NS_ASSERTIONS = NO;
				ENABLE_STRICT_OBJC_MSGSEND = YES;
				GCC_C_LANGUAGE_STANDARD = gnu99;
				GCC_WARN_64_TO_32_BIT_CONVERSION = YES;
				GCC_WARN_ABOUT_RETURN_TYPE = YES_ERROR;
				GCC_WARN_UNDECLARED_SELECTOR = YES;
				GCC_WARN_UNINITIALIZED_AUTOS = YES_AGGRESSIVE;
				GCC_WARN_UNUSED_FUNCTION = YES;
				GCC_WARN_UNUSED_VARIABLE = YES;
				IPHONEOS_DEPLOYMENT_TARGET = 8.0;
				MTL_ENABLE_DEBUG_INFO = NO;
				SDKROOT = iphoneos;
				VALIDATE_PRODUCT = YES;
			};
			name = Release;
		};
		40326F1519DF2ACE002B83BF /* Debug */ = {
			isa = XCBuildConfiguration;
			buildSettings = {
				ASSETCATALOG_COMPILER_APPICON_NAME = AppIcon;
				INFOPLIST_FILE = SectionTable/Info.plist;
				LD_RUNPATH_SEARCH_PATHS = "$(inherited) @executable_path/Frameworks";
				PRODUCT_NAME = "$(TARGET_NAME)";
			};
			name = Debug;
		};
		40326F1619DF2ACE002B83BF /* Release */ = {
			isa = XCBuildConfiguration;
			buildSettings = {
				ASSETCATALOG_COMPILER_APPICON_NAME = AppIcon;
				INFOPLIST_FILE = SectionTable/Info.plist;
				LD_RUNPATH_SEARCH_PATHS = "$(inherited) @executable_path/Frameworks";
				PRODUCT_NAME = "$(TARGET_NAME)";
			};
			name = Release;
		};
		40326F1819DF2ACE002B83BF /* Debug */ = {
			isa = XCBuildConfiguration;
			buildSettings = {
				BUNDLE_LOADER = "$(TEST_HOST)";
				FRAMEWORK_SEARCH_PATHS = (
					"$(SDKROOT)/Developer/Library/Frameworks",
					"$(inherited)",
				);
				GCC_PREPROCESSOR_DEFINITIONS = (
					"DEBUG=1",
					"$(inherited)",
				);
				INFOPLIST_FILE = SectionTableTests/Info.plist;
				LD_RUNPATH_SEARCH_PATHS = "$(inherited) @executable_path/Frameworks @loader_path/Frameworks";
				PRODUCT_NAME = "$(TARGET_NAME)";
				TEST_HOST = "$(BUILT_PRODUCTS_DIR)/SectionTable.app/SectionTable";
			};
			name = Debug;
		};
		40326F1919DF2ACE002B83BF /* Release */ = {
			isa = XCBuildConfiguration;
			buildSettings = {
				BUNDLE_LOADER = "$(TEST_HOST)";
				FRAMEWORK_SEARCH_PATHS = (
					"$(SDKROOT)/Developer/Library/Frameworks",
					"$(inherited)",
				);
				INFOPLIST_FILE = SectionTableTests/Info.plist;
				LD_RUNPATH_SEARCH_PATHS = "$(inherited) @executable_path/Frameworks @loader_path/Frameworks";
				PRODUCT_NAME = "$(TARGET_NAME)";
				TEST_HOST = "$(BUILT_PRODUCTS_DIR)/SectionTable.app/SectionTable";
			};
			name = Release;
		};
/* End XCBuildConfiguration section */

/* Begin XCConfigurationList section */
		40326EF019DF2ACE002B83BF /* Build configuration list for PBXProject "SectionTable" */ = {
			isa = XCConfigurationList;
			buildConfigurations = (
				40326F1219DF2ACE002B83BF /* Debug */,
				40326F1319DF2ACE002B83BF /* Release */,
			);
			defaultConfigurationIsVisible = 0;
			defaultConfigurationName = Release;
		};
		40326F1419DF2ACE002B83BF /* Build configuration list for PBXNativeTarget "SectionTable" */ = {
			isa = XCConfigurationList;
			buildConfigurations = (
				40326F1519DF2ACE002B83BF /* Debug */,
				40326F1619DF2ACE002B83BF /* Release */,
			);
			defaultConfigurationIsVisible = 0;
			defaultConfigurationName = Release;
		};
		40326F1719DF2ACE002B83BF /* Build configuration list for PBXNativeTarget "SectionTableTests" */ = {
			isa = XCConfigurationList;
			buildConfigurations = (
				40326F1819DF2ACE002B83BF /* Debug */,
				40326F1919DF2ACE002B83BF /* Release */,
			);
			defaultConfigurationIsVisible = 0;
			defaultConfigurationName = Release;
		};
/* End XCConfigurationList section */
	};
	rootObject = 40326EED19DF2ACE002B83BF /* Project object */;
}
